{
  "name": "sableyebot-server",
  "version": "4.3.1",
  "lockfileVersion": 2,
  "requires": true,
  "packages": {
    "": {
      "name": "sableyebot-server",
      "version": "4.3.1",
      "license": "MIT",
      "dependencies": {
        "@pkmn/data": "^0.5.10",
        "@pkmn/img": "^0.1.16",
        "@pkmn/mods": "^0.5.10",
        "@pkmn/sim": "^0.5.10",
        "@sentry/node": "^6.18.1",
        "@sentry/tracing": "^6.18.1",
        "db-service": "file:src/modules/db-service",
        "discord-getarg": "file:src/modules/discord-getarg",
        "discord-interactions": "^2.4.1",
        "dt-utils": "file:src/modules/dt-utils",
        "embed-builder": "file:src/modules/embed-builder",
        "express": "^4.17.2",
        "gen-db": "file:src/modules/gen-db",
        "learnsetutils": "file:src/modules/learnsetutils",
        "lokijs": "^1.5.12",
        "node-fetch": "^2.6.7",
        "pokemon-colours": "file:src/modules/pokemon-colours",
        "pokemon-complete": "file:src/modules/pokemon-complete",
        "pokemon-filters": "file:src/modules/pokemon-filters",
        "typecheck": "file:src/modules/typecheck"
      }
    },
    "node_modules/@pkmn/data": {
      "version": "0.5.10",
      "resolved": "https://registry.npmjs.org/@pkmn/data/-/data-0.5.10.tgz",
      "integrity": "sha512-8BtmGvf+0otW3FqwJpiDymz3p6lDd7P6Sfxpq+zcwXXxaw0fzBf95lW/mAXMEfuSk4VpAGldQ5t1lLpkWo8XRg==",
      "dependencies": {
        "@pkmn/dex-types": "^0.5.10"
      }
    },
    "node_modules/@pkmn/dex-types": {
      "version": "0.5.10",
      "resolved": "https://registry.npmjs.org/@pkmn/dex-types/-/dex-types-0.5.10.tgz",
      "integrity": "sha512-9pJR6vhNW4/6QIr3Omh28m/96t2Vsmh3UOKiO+MbAw1VGgBbCiIZECJYVvrgmJeBm/ctvaQUfZSn/aSRBwQW+w==",
      "dependencies": {
        "@pkmn/types": "^2.0.0"
      }
    },
    "node_modules/@pkmn/img": {
      "version": "0.1.16",
      "resolved": "https://registry.npmjs.org/@pkmn/img/-/img-0.1.16.tgz",
      "integrity": "sha512-LhlbsnnW99CAWhcBOuEuP+Jg8EP4cgNIpFcG/lgx6ZNucA0PUpBZAzuzU5D08DDvzKitmhxER9jYxc61PKT88g=="
    },
    "node_modules/@pkmn/mods": {
      "version": "0.5.10",
      "resolved": "https://registry.npmjs.org/@pkmn/mods/-/mods-0.5.10.tgz",
      "integrity": "sha512-NseNfdsPEdBc6KorCq3UsYTAXi33cfjpjR9F/iWrCvyxbcWRO8KSi8nTzK6ODRyj3+Eiv8QgjT9hyEiV1dX+fg==",
      "dependencies": {
        "@pkmn/dex-types": "^0.5.10"
      }
    },
    "node_modules/@pkmn/sets": {
      "version": "2.0.0",
      "license": "MIT",
      "dependencies": {
        "@pkmn/types": "^2.0.0"
      }
    },
    "node_modules/@pkmn/sim": {
      "version": "0.5.10",
      "resolved": "https://registry.npmjs.org/@pkmn/sim/-/sim-0.5.10.tgz",
      "integrity": "sha512-+jQGTb8gV+HOsWXzXgHZn2mfBYOdwtzUUbUq6TFma+5K2CbjmvuVngvKsYcqVTqFJOtqh6NLvD5wLxNturwRNA==",
      "dependencies": {
        "@pkmn/sets": "^2.0.0",
        "@pkmn/streams": "^1.0.0"
      }
    },
    "node_modules/@pkmn/streams": {
      "version": "1.0.0",
      "license": "MIT"
    },
    "node_modules/@pkmn/types": {
      "version": "2.0.0",
      "license": "MIT"
    },
    "node_modules/@sentry/core": {
      "version": "6.18.1",
      "resolved": "https://registry.npmjs.org/@sentry/core/-/core-6.18.1.tgz",
      "integrity": "sha512-9V8Q+3Asi+3RL67CSIMMZ9mjMsu2/hrpQszYStX7hPPpAZIlAKk2MT5B+na/r80iWKhy+3Ts6aDFF218QtnsVw==",
      "dependencies": {
        "@sentry/hub": "6.18.1",
        "@sentry/minimal": "6.18.1",
        "@sentry/types": "6.18.1",
        "@sentry/utils": "6.18.1",
        "tslib": "^1.9.3"
      },
      "engines": {
        "node": ">=6"
      }
    },
    "node_modules/@sentry/hub": {
      "version": "6.18.1",
      "resolved": "https://registry.npmjs.org/@sentry/hub/-/hub-6.18.1.tgz",
      "integrity": "sha512-+zGzgc/xX3an/nKA3ELMn9YD9VmqbNaNwWZ5/SjNUvzsYHh2UNZ7YzT8WawQsRVOXLljyCKxkWpFB4EchiYGbw==",
      "dependencies": {
        "@sentry/types": "6.18.1",
        "@sentry/utils": "6.18.1",
        "tslib": "^1.9.3"
      },
      "engines": {
        "node": ">=6"
      }
    },
    "node_modules/@sentry/minimal": {
      "version": "6.18.1",
      "resolved": "https://registry.npmjs.org/@sentry/minimal/-/minimal-6.18.1.tgz",
      "integrity": "sha512-dm+0MuasWNi/LASvHX+09oCo8IBZY5WpMK8qXvQMnwQ9FVfklrjcfEI3666WORDCmeUhDCSeL2MbjPDm+AmPLg==",
      "dependencies": {
        "@sentry/hub": "6.18.1",
        "@sentry/types": "6.18.1",
        "tslib": "^1.9.3"
      },
      "engines": {
        "node": ">=6"
      }
    },
    "node_modules/@sentry/node": {
      "version": "6.18.1",
      "resolved": "https://registry.npmjs.org/@sentry/node/-/node-6.18.1.tgz",
      "integrity": "sha512-aTb2gwfZUq0lGDRGH5zNOYDfFMOQZu6E0QcAsvH2ZBcEj3rUWZz3r25COFrHmfzHLUV1KcF2AmnWo1QU1jmm0g==",
      "dependencies": {
        "@sentry/core": "6.18.1",
        "@sentry/hub": "6.18.1",
        "@sentry/tracing": "6.18.1",
        "@sentry/types": "6.18.1",
        "@sentry/utils": "6.18.1",
        "cookie": "^0.4.1",
        "https-proxy-agent": "^5.0.0",
        "lru_map": "^0.3.3",
        "tslib": "^1.9.3"
      },
      "engines": {
        "node": ">=6"
      }
    },
    "node_modules/@sentry/tracing": {
      "version": "6.18.1",
      "resolved": "https://registry.npmjs.org/@sentry/tracing/-/tracing-6.18.1.tgz",
      "integrity": "sha512-OxozmSfxGx246Ae1XhO01I7ZWxO3briwMBh55E5KyjQb8fuS9gVE7Uy8ZRs5hhNjDutFAU7nMtC0zipfVxP6fg==",
      "dependencies": {
        "@sentry/hub": "6.18.1",
        "@sentry/minimal": "6.18.1",
        "@sentry/types": "6.18.1",
        "@sentry/utils": "6.18.1",
        "tslib": "^1.9.3"
      },
      "engines": {
        "node": ">=6"
      }
    },
    "node_modules/@sentry/types": {
      "version": "6.18.1",
      "resolved": "https://registry.npmjs.org/@sentry/types/-/types-6.18.1.tgz",
      "integrity": "sha512-wp741NoBKnXE/4T9L723sWJ8EcNMxeTIT1smgNJOfbPwrsDICoYmGEt6JFa05XHpWBGI66WuNvnDjoHVeh6zhA==",
      "engines": {
        "node": ">=6"
      }
    },
    "node_modules/@sentry/utils": {
      "version": "6.18.1",
      "resolved": "https://registry.npmjs.org/@sentry/utils/-/utils-6.18.1.tgz",
      "integrity": "sha512-IFZmuvA+c5lDGlZEri13JSyUP0BHelzY0S4dcKxAzskPW+BtBdQDgYGV90iED1y+IRMLawWb34GF7HyJSouN1Q==",
      "dependencies": {
        "@sentry/types": "6.18.1",
        "tslib": "^1.9.3"
      },
      "engines": {
        "node": ">=6"
      }
    },
    "node_modules/accepts": {
      "version": "1.3.7",
      "license": "MIT",
      "dependencies": {
        "mime-types": "~2.1.24",
        "negotiator": "0.6.2"
      },
      "engines": {
        "node": ">= 0.6"
      }
    },
    "node_modules/agent-base": {
      "version": "6.0.2",
      "resolved": "https://registry.npmjs.org/agent-base/-/agent-base-6.0.2.tgz",
      "integrity": "sha512-RZNwNclF7+MS/8bDg70amg32dyeZGZxiDuQmZxKLAlQjr3jGyLx+4Kkk58UO7D2QdgFIQCovuSuZESne6RG6XQ==",
      "dependencies": {
        "debug": "4"
      },
      "engines": {
        "node": ">= 6.0.0"
      }
    },
    "node_modules/agent-base/node_modules/debug": {
      "version": "4.3.3",
      "resolved": "https://registry.npmjs.org/debug/-/debug-4.3.3.tgz",
      "integrity": "sha512-/zxw5+vh1Tfv+4Qn7a5nsbcJKPaSvCDhojn6FEl9vupwK2VCSDtEiEtqr8DFtzYFOdz63LBkxec7DYuc2jon6Q==",
      "dependencies": {
        "ms": "2.1.2"
      },
      "engines": {
        "node": ">=6.0"
      },
      "peerDependenciesMeta": {
        "supports-color": {
          "optional": true
        }
      }
    },
    "node_modules/agent-base/node_modules/ms": {
      "version": "2.1.2",
      "resolved": "https://registry.npmjs.org/ms/-/ms-2.1.2.tgz",
      "integrity": "sha512-sGkPx+VjMtmA6MX27oA4FBFELFCZZ4S4XqeGOXCv68tT+jb3vk/RyaKWP0PTKyWtmLSM0b+adUTEvbs1PEaH2w=="
    },
    "node_modules/array-flatten": {
      "version": "1.1.1",
      "license": "MIT"
    },
    "node_modules/body-parser": {
      "version": "1.19.1",
      "license": "MIT",
      "dependencies": {
        "bytes": "3.1.1",
        "content-type": "~1.0.4",
        "debug": "2.6.9",
        "depd": "~1.1.2",
        "http-errors": "1.8.1",
        "iconv-lite": "0.4.24",
        "on-finished": "~2.3.0",
        "qs": "6.9.6",
        "raw-body": "2.4.2",
        "type-is": "~1.6.18"
      },
      "engines": {
        "node": ">= 0.8"
      }
    },
    "node_modules/bytes": {
      "version": "3.1.1",
      "license": "MIT",
      "engines": {
        "node": ">= 0.8"
      }
    },
    "node_modules/content-disposition": {
      "version": "0.5.4",
      "license": "MIT",
      "dependencies": {
        "safe-buffer": "5.2.1"
      },
      "engines": {
        "node": ">= 0.6"
      }
    },
    "node_modules/content-type": {
      "version": "1.0.4",
      "license": "MIT",
      "engines": {
        "node": ">= 0.6"
      }
    },
    "node_modules/cookie": {
      "version": "0.4.1",
      "license": "MIT",
      "engines": {
        "node": ">= 0.6"
      }
    },
    "node_modules/cookie-signature": {
      "version": "1.0.6",
      "license": "MIT"
    },
    "node_modules/db-service": {
      "resolved": "src/modules/db-service",
      "link": true
    },
    "node_modules/debug": {
      "version": "2.6.9",
      "license": "MIT",
      "dependencies": {
        "ms": "2.0.0"
      }
    },
    "node_modules/depd": {
      "version": "1.1.2",
      "license": "MIT",
      "engines": {
        "node": ">= 0.6"
      }
    },
    "node_modules/destroy": {
      "version": "1.0.4",
      "license": "MIT"
    },
    "node_modules/discord-getarg": {
      "resolved": "src/modules/discord-getarg",
      "link": true
    },
    "node_modules/discord-interactions": {
      "version": "2.4.1",
      "license": "MIT",
      "dependencies": {
        "tweetnacl": "^1.0.3"
      }
    },
    "node_modules/dt-utils": {
      "resolved": "src/modules/dt-utils",
      "link": true
    },
    "node_modules/ee-first": {
      "version": "1.1.1",
      "license": "MIT"
    },
    "node_modules/embed-builder": {
      "resolved": "src/modules/embed-builder",
      "link": true
    },
    "node_modules/encodeurl": {
      "version": "1.0.2",
      "license": "MIT",
      "engines": {
        "node": ">= 0.8"
      }
    },
    "node_modules/escape-html": {
      "version": "1.0.3",
      "license": "MIT"
    },
    "node_modules/etag": {
      "version": "1.8.1",
      "license": "MIT",
      "engines": {
        "node": ">= 0.6"
      }
    },
    "node_modules/express": {
      "version": "4.17.2",
      "license": "MIT",
      "dependencies": {
        "accepts": "~1.3.7",
        "array-flatten": "1.1.1",
        "body-parser": "1.19.1",
        "content-disposition": "0.5.4",
        "content-type": "~1.0.4",
        "cookie": "0.4.1",
        "cookie-signature": "1.0.6",
        "debug": "2.6.9",
        "depd": "~1.1.2",
        "encodeurl": "~1.0.2",
        "escape-html": "~1.0.3",
        "etag": "~1.8.1",
        "finalhandler": "~1.1.2",
        "fresh": "0.5.2",
        "merge-descriptors": "1.0.1",
        "methods": "~1.1.2",
        "on-finished": "~2.3.0",
        "parseurl": "~1.3.3",
        "path-to-regexp": "0.1.7",
        "proxy-addr": "~2.0.7",
        "qs": "6.9.6",
        "range-parser": "~1.2.1",
        "safe-buffer": "5.2.1",
        "send": "0.17.2",
        "serve-static": "1.14.2",
        "setprototypeof": "1.2.0",
        "statuses": "~1.5.0",
        "type-is": "~1.6.18",
        "utils-merge": "1.0.1",
        "vary": "~1.1.2"
      },
      "engines": {
        "node": ">= 0.10.0"
      }
    },
    "node_modules/finalhandler": {
      "version": "1.1.2",
      "license": "MIT",
      "dependencies": {
        "debug": "2.6.9",
        "encodeurl": "~1.0.2",
        "escape-html": "~1.0.3",
        "on-finished": "~2.3.0",
        "parseurl": "~1.3.3",
        "statuses": "~1.5.0",
        "unpipe": "~1.0.0"
      },
      "engines": {
        "node": ">= 0.8"
      }
    },
    "node_modules/forwarded": {
      "version": "0.2.0",
      "license": "MIT",
      "engines": {
        "node": ">= 0.6"
      }
    },
    "node_modules/fresh": {
      "version": "0.5.2",
      "license": "MIT",
      "engines": {
        "node": ">= 0.6"
      }
    },
    "node_modules/gen-db": {
      "resolved": "src/modules/gen-db",
      "link": true
    },
    "node_modules/http-errors": {
      "version": "1.8.1",
      "license": "MIT",
      "dependencies": {
        "depd": "~1.1.2",
        "inherits": "2.0.4",
        "setprototypeof": "1.2.0",
        "statuses": ">= 1.5.0 < 2",
        "toidentifier": "1.0.1"
      },
      "engines": {
        "node": ">= 0.6"
      }
    },
    "node_modules/https-proxy-agent": {
      "version": "5.0.0",
      "resolved": "https://registry.npmjs.org/https-proxy-agent/-/https-proxy-agent-5.0.0.tgz",
      "integrity": "sha512-EkYm5BcKUGiduxzSt3Eppko+PiNWNEpa4ySk9vTC6wDsQJW9rHSa+UhGNJoRYp7bz6Ht1eaRIa6QaJqO5rCFbA==",
      "dependencies": {
        "agent-base": "6",
        "debug": "4"
      },
      "engines": {
        "node": ">= 6"
      }
    },
    "node_modules/https-proxy-agent/node_modules/debug": {
      "version": "4.3.3",
      "resolved": "https://registry.npmjs.org/debug/-/debug-4.3.3.tgz",
      "integrity": "sha512-/zxw5+vh1Tfv+4Qn7a5nsbcJKPaSvCDhojn6FEl9vupwK2VCSDtEiEtqr8DFtzYFOdz63LBkxec7DYuc2jon6Q==",
      "dependencies": {
        "ms": "2.1.2"
      },
      "engines": {
        "node": ">=6.0"
      },
      "peerDependenciesMeta": {
        "supports-color": {
          "optional": true
        }
      }
    },
    "node_modules/https-proxy-agent/node_modules/ms": {
      "version": "2.1.2",
      "resolved": "https://registry.npmjs.org/ms/-/ms-2.1.2.tgz",
      "integrity": "sha512-sGkPx+VjMtmA6MX27oA4FBFELFCZZ4S4XqeGOXCv68tT+jb3vk/RyaKWP0PTKyWtmLSM0b+adUTEvbs1PEaH2w=="
    },
    "node_modules/iconv-lite": {
      "version": "0.4.24",
      "license": "MIT",
      "dependencies": {
        "safer-buffer": ">= 2.1.2 < 3"
      },
      "engines": {
        "node": ">=0.10.0"
      }
    },
    "node_modules/inherits": {
      "version": "2.0.4",
      "license": "ISC"
    },
    "node_modules/ipaddr.js": {
      "version": "1.9.1",
      "license": "MIT",
      "engines": {
        "node": ">= 0.10"
      }
    },
    "node_modules/learnsetutils": {
      "resolved": "src/modules/learnsetutils",
      "link": true
    },
    "node_modules/lokijs": {
      "version": "1.5.12",
      "license": "MIT"
    },
    "node_modules/lru_map": {
      "version": "0.3.3",
      "resolved": "https://registry.npmjs.org/lru_map/-/lru_map-0.3.3.tgz",
      "integrity": "sha1-tcg1G5Rky9dQM1p5ZQoOwOVhGN0="
    },
    "node_modules/media-typer": {
      "version": "0.3.0",
      "license": "MIT",
      "engines": {
        "node": ">= 0.6"
      }
    },
    "node_modules/merge-descriptors": {
      "version": "1.0.1",
      "license": "MIT"
    },
    "node_modules/methods": {
      "version": "1.1.2",
      "license": "MIT",
      "engines": {
        "node": ">= 0.6"
      }
    },
    "node_modules/mime": {
      "version": "1.6.0",
      "license": "MIT",
      "bin": {
        "mime": "cli.js"
      },
      "engines": {
        "node": ">=4"
      }
    },
    "node_modules/mime-db": {
      "version": "1.51.0",
      "license": "MIT",
      "engines": {
        "node": ">= 0.6"
      }
    },
    "node_modules/mime-types": {
      "version": "2.1.34",
      "license": "MIT",
      "dependencies": {
        "mime-db": "1.51.0"
      },
      "engines": {
        "node": ">= 0.6"
      }
    },
    "node_modules/ms": {
      "version": "2.0.0",
      "license": "MIT"
    },
    "node_modules/negotiator": {
      "version": "0.6.2",
      "license": "MIT",
      "engines": {
        "node": ">= 0.6"
      }
    },
    "node_modules/node-fetch": {
      "version": "2.6.7",
      "resolved": "https://registry.npmjs.org/node-fetch/-/node-fetch-2.6.7.tgz",
      "integrity": "sha512-ZjMPFEfVx5j+y2yF35Kzx5sF7kDzxuDj6ziH4FFbOp87zKDZNx8yExJIb05OGF4Nlt9IHFIMBkRl41VdvcNdbQ==",
      "dependencies": {
        "whatwg-url": "^5.0.0"
      },
      "engines": {
        "node": "4.x || >=6.0.0"
      },
      "peerDependencies": {
        "encoding": "^0.1.0"
      },
      "peerDependenciesMeta": {
        "encoding": {
          "optional": true
        }
      }
    },
    "node_modules/on-finished": {
      "version": "2.3.0",
      "license": "MIT",
      "dependencies": {
        "ee-first": "1.1.1"
      },
      "engines": {
        "node": ">= 0.8"
      }
    },
    "node_modules/parseurl": {
      "version": "1.3.3",
      "license": "MIT",
      "engines": {
        "node": ">= 0.8"
      }
    },
    "node_modules/path-to-regexp": {
      "version": "0.1.7",
      "license": "MIT"
    },
    "node_modules/pokemon-colours": {
      "resolved": "src/modules/pokemon-colours",
      "link": true
    },
    "node_modules/pokemon-complete": {
      "resolved": "src/modules/pokemon-complete",
      "link": true
    },
    "node_modules/pokemon-filters": {
      "resolved": "src/modules/pokemon-filters",
      "link": true
    },
    "node_modules/proxy-addr": {
      "version": "2.0.7",
      "license": "MIT",
      "dependencies": {
        "forwarded": "0.2.0",
        "ipaddr.js": "1.9.1"
      },
      "engines": {
        "node": ">= 0.10"
      }
    },
    "node_modules/qs": {
      "version": "6.9.6",
      "license": "BSD-3-Clause",
      "engines": {
        "node": ">=0.6"
      },
      "funding": {
        "url": "https://github.com/sponsors/ljharb"
      }
    },
    "node_modules/range-parser": {
      "version": "1.2.1",
      "license": "MIT",
      "engines": {
        "node": ">= 0.6"
      }
    },
    "node_modules/raw-body": {
      "version": "2.4.2",
      "license": "MIT",
      "dependencies": {
        "bytes": "3.1.1",
        "http-errors": "1.8.1",
        "iconv-lite": "0.4.24",
        "unpipe": "1.0.0"
      },
      "engines": {
        "node": ">= 0.8"
      }
    },
    "node_modules/safe-buffer": {
      "version": "5.2.1",
      "funding": [
        {
          "type": "github",
          "url": "https://github.com/sponsors/feross"
        },
        {
          "type": "patreon",
          "url": "https://www.patreon.com/feross"
        },
        {
          "type": "consulting",
          "url": "https://feross.org/support"
        }
      ],
      "license": "MIT"
    },
    "node_modules/safer-buffer": {
      "version": "2.1.2",
      "license": "MIT"
    },
    "node_modules/send": {
      "version": "0.17.2",
      "license": "MIT",
      "dependencies": {
        "debug": "2.6.9",
        "depd": "~1.1.2",
        "destroy": "~1.0.4",
        "encodeurl": "~1.0.2",
        "escape-html": "~1.0.3",
        "etag": "~1.8.1",
        "fresh": "0.5.2",
        "http-errors": "1.8.1",
        "mime": "1.6.0",
        "ms": "2.1.3",
        "on-finished": "~2.3.0",
        "range-parser": "~1.2.1",
        "statuses": "~1.5.0"
      },
      "engines": {
        "node": ">= 0.8.0"
      }
    },
    "node_modules/send/node_modules/ms": {
      "version": "2.1.3",
      "license": "MIT"
    },
    "node_modules/serve-static": {
      "version": "1.14.2",
      "license": "MIT",
      "dependencies": {
        "encodeurl": "~1.0.2",
        "escape-html": "~1.0.3",
        "parseurl": "~1.3.3",
        "send": "0.17.2"
      },
      "engines": {
        "node": ">= 0.8.0"
      }
    },
    "node_modules/setprototypeof": {
      "version": "1.2.0",
      "license": "ISC"
    },
    "node_modules/statuses": {
      "version": "1.5.0",
      "license": "MIT",
      "engines": {
        "node": ">= 0.6"
      }
    },
    "node_modules/toidentifier": {
      "version": "1.0.1",
      "license": "MIT",
      "engines": {
        "node": ">=0.6"
      }
    },
    "node_modules/tr46": {
      "version": "0.0.3",
      "resolved": "https://registry.npmjs.org/tr46/-/tr46-0.0.3.tgz",
      "integrity": "sha1-gYT9NH2snNwYWZLzpmIuFLnZq2o="
    },
    "node_modules/tslib": {
      "version": "1.14.1",
      "resolved": "https://registry.npmjs.org/tslib/-/tslib-1.14.1.tgz",
      "integrity": "sha512-Xni35NKzjgMrwevysHTCArtLDpPvye8zV/0E4EyYn43P7/7qvQwPh9BGkHewbMulVntbigmcT7rdX3BNo9wRJg=="
    },
    "node_modules/tweetnacl": {
      "version": "1.0.3",
      "license": "Unlicense"
    },
    "node_modules/type-is": {
      "version": "1.6.18",
      "license": "MIT",
      "dependencies": {
        "media-typer": "0.3.0",
        "mime-types": "~2.1.24"
      },
      "engines": {
        "node": ">= 0.6"
      }
    },
    "node_modules/typecheck": {
      "resolved": "src/modules/typecheck",
      "link": true
    },
    "node_modules/unpipe": {
      "version": "1.0.0",
      "license": "MIT",
      "engines": {
        "node": ">= 0.8"
      }
    },
    "node_modules/utils-merge": {
      "version": "1.0.1",
      "license": "MIT",
      "engines": {
        "node": ">= 0.4.0"
      }
    },
    "node_modules/vary": {
      "version": "1.1.2",
      "license": "MIT",
      "engines": {
        "node": ">= 0.8"
      }
    },
    "node_modules/webidl-conversions": {
      "version": "3.0.1",
      "resolved": "https://registry.npmjs.org/webidl-conversions/-/webidl-conversions-3.0.1.tgz",
      "integrity": "sha1-JFNCdeKnvGvnvIZhHMFq4KVlSHE="
    },
    "node_modules/whatwg-url": {
      "version": "5.0.0",
      "resolved": "https://registry.npmjs.org/whatwg-url/-/whatwg-url-5.0.0.tgz",
      "integrity": "sha1-lmRU6HZUYuN2RNNib2dCzotwll0=",
      "dependencies": {
        "tr46": "~0.0.3",
        "webidl-conversions": "^3.0.0"
      }
    },
    "src/modules/db-service": {
      "version": "1.0.0",
      "license": "MIT"
    },
    "src/modules/discord-getarg": {
      "version": "1.0.0",
      "license": "MIT"
    },
    "src/modules/dt-utils": {
      "version": "1.0.0",
      "license": "MIT"
    },
    "src/modules/embed-builder": {
      "version": "1.0.0",
      "license": "MIT"
    },
    "src/modules/gen-db": {
      "version": "1.0.0",
      "license": "MIT"
    },
    "src/modules/learnsetutils": {
      "version": "1.0.0",
      "license": "MIT"
    },
    "src/modules/pkmn-colours": {
      "version": "1.0.0",
      "extraneous": true,
      "license": "MIT"
    },
    "src/modules/pkmn-complete": {
      "version": "1.0.0",
      "extraneous": true,
      "license": "MIT"
    },
    "src/modules/pokemon-colours": {
      "version": "1.0.0",
      "license": "MIT"
    },
    "src/modules/pokemon-complete": {
      "version": "1.0.0",
      "license": "MIT"
    },
    "src/modules/pokemon-filters": {
      "version": "1.0.0",
      "license": "MIT"
    },
    "src/modules/typecheck": {
      "version": "1.0.0",
      "license": "MIT"
    }
  },
  "dependencies": {
    "@pkmn/data": {
      "version": "0.5.10",
      "resolved": "https://registry.npmjs.org/@pkmn/data/-/data-0.5.10.tgz",
      "integrity": "sha512-8BtmGvf+0otW3FqwJpiDymz3p6lDd7P6Sfxpq+zcwXXxaw0fzBf95lW/mAXMEfuSk4VpAGldQ5t1lLpkWo8XRg==",
      "requires": {
        "@pkmn/dex-types": "^0.5.10"
      }
    },
    "@pkmn/dex-types": {
      "version": "0.5.10",
      "resolved": "https://registry.npmjs.org/@pkmn/dex-types/-/dex-types-0.5.10.tgz",
      "integrity": "sha512-9pJR6vhNW4/6QIr3Omh28m/96t2Vsmh3UOKiO+MbAw1VGgBbCiIZECJYVvrgmJeBm/ctvaQUfZSn/aSRBwQW+w==",
      "requires": {
        "@pkmn/types": "^2.0.0"
      }
    },
    "@pkmn/img": {
      "version": "0.1.16",
      "resolved": "https://registry.npmjs.org/@pkmn/img/-/img-0.1.16.tgz",
      "integrity": "sha512-LhlbsnnW99CAWhcBOuEuP+Jg8EP4cgNIpFcG/lgx6ZNucA0PUpBZAzuzU5D08DDvzKitmhxER9jYxc61PKT88g=="
    },
    "@pkmn/mods": {
      "version": "0.5.10",
      "resolved": "https://registry.npmjs.org/@pkmn/mods/-/mods-0.5.10.tgz",
      "integrity": "sha512-NseNfdsPEdBc6KorCq3UsYTAXi33cfjpjR9F/iWrCvyxbcWRO8KSi8nTzK6ODRyj3+Eiv8QgjT9hyEiV1dX+fg==",
      "requires": {
        "@pkmn/dex-types": "^0.5.10"
      }
    },
    "@pkmn/sets": {
      "version": "2.0.0",
      "requires": {
        "@pkmn/types": "^2.0.0"
      }
    },
    "@pkmn/sim": {
      "version": "0.5.10",
      "resolved": "https://registry.npmjs.org/@pkmn/sim/-/sim-0.5.10.tgz",
      "integrity": "sha512-+jQGTb8gV+HOsWXzXgHZn2mfBYOdwtzUUbUq6TFma+5K2CbjmvuVngvKsYcqVTqFJOtqh6NLvD5wLxNturwRNA==",
      "requires": {
        "@pkmn/sets": "^2.0.0",
        "@pkmn/streams": "^1.0.0"
      }
    },
    "@pkmn/streams": {
      "version": "1.0.0"
    },
    "@pkmn/types": {
      "version": "2.0.0"
    },
    "@sentry/core": {
      "version": "6.18.1",
      "resolved": "https://registry.npmjs.org/@sentry/core/-/core-6.18.1.tgz",
      "integrity": "sha512-9V8Q+3Asi+3RL67CSIMMZ9mjMsu2/hrpQszYStX7hPPpAZIlAKk2MT5B+na/r80iWKhy+3Ts6aDFF218QtnsVw==",
      "requires": {
        "@sentry/hub": "6.18.1",
        "@sentry/minimal": "6.18.1",
        "@sentry/types": "6.18.1",
        "@sentry/utils": "6.18.1",
        "tslib": "^1.9.3"
      }
    },
    "@sentry/hub": {
      "version": "6.18.1",
      "resolved": "https://registry.npmjs.org/@sentry/hub/-/hub-6.18.1.tgz",
      "integrity": "sha512-+zGzgc/xX3an/nKA3ELMn9YD9VmqbNaNwWZ5/SjNUvzsYHh2UNZ7YzT8WawQsRVOXLljyCKxkWpFB4EchiYGbw==",
      "requires": {
        "@sentry/types": "6.18.1",
        "@sentry/utils": "6.18.1",
        "tslib": "^1.9.3"
      }
    },
    "@sentry/minimal": {
      "version": "6.18.1",
      "resolved": "https://registry.npmjs.org/@sentry/minimal/-/minimal-6.18.1.tgz",
      "integrity": "sha512-dm+0MuasWNi/LASvHX+09oCo8IBZY5WpMK8qXvQMnwQ9FVfklrjcfEI3666WORDCmeUhDCSeL2MbjPDm+AmPLg==",
      "requires": {
        "@sentry/hub": "6.18.1",
        "@sentry/types": "6.18.1",
        "tslib": "^1.9.3"
      }
    },
    "@sentry/node": {
      "version": "6.18.1",
      "resolved": "https://registry.npmjs.org/@sentry/node/-/node-6.18.1.tgz",
      "integrity": "sha512-aTb2gwfZUq0lGDRGH5zNOYDfFMOQZu6E0QcAsvH2ZBcEj3rUWZz3r25COFrHmfzHLUV1KcF2AmnWo1QU1jmm0g==",
      "requires": {
        "@sentry/core": "6.18.1",
        "@sentry/hub": "6.18.1",
        "@sentry/tracing": "6.18.1",
        "@sentry/types": "6.18.1",
        "@sentry/utils": "6.18.1",
        "cookie": "^0.4.1",
        "https-proxy-agent": "^5.0.0",
        "lru_map": "^0.3.3",
        "tslib": "^1.9.3"
      }
    },
    "@sentry/tracing": {
      "version": "6.18.1",
      "resolved": "https://registry.npmjs.org/@sentry/tracing/-/tracing-6.18.1.tgz",
      "integrity": "sha512-OxozmSfxGx246Ae1XhO01I7ZWxO3briwMBh55E5KyjQb8fuS9gVE7Uy8ZRs5hhNjDutFAU7nMtC0zipfVxP6fg==",
      "requires": {
        "@sentry/hub": "6.18.1",
        "@sentry/minimal": "6.18.1",
        "@sentry/types": "6.18.1",
        "@sentry/utils": "6.18.1",
        "tslib": "^1.9.3"
      }
    },
    "@sentry/types": {
      "version": "6.18.1",
      "resolved": "https://registry.npmjs.org/@sentry/types/-/types-6.18.1.tgz",
      "integrity": "sha512-wp741NoBKnXE/4T9L723sWJ8EcNMxeTIT1smgNJOfbPwrsDICoYmGEt6JFa05XHpWBGI66WuNvnDjoHVeh6zhA=="
    },
    "@sentry/utils": {
      "version": "6.18.1",
      "resolved": "https://registry.npmjs.org/@sentry/utils/-/utils-6.18.1.tgz",
      "integrity": "sha512-IFZmuvA+c5lDGlZEri13JSyUP0BHelzY0S4dcKxAzskPW+BtBdQDgYGV90iED1y+IRMLawWb34GF7HyJSouN1Q==",
      "requires": {
        "@sentry/types": "6.18.1",
        "tslib": "^1.9.3"
      }
    },
    "accepts": {
      "version": "1.3.7",
      "requires": {
        "mime-types": "~2.1.24",
        "negotiator": "0.6.2"
      }
    },
    "agent-base": {
      "version": "6.0.2",
      "resolved": "https://registry.npmjs.org/agent-base/-/agent-base-6.0.2.tgz",
      "integrity": "sha512-RZNwNclF7+MS/8bDg70amg32dyeZGZxiDuQmZxKLAlQjr3jGyLx+4Kkk58UO7D2QdgFIQCovuSuZESne6RG6XQ==",
      "requires": {
        "debug": "4"
      },
      "dependencies": {
        "debug": {
          "version": "4.3.3",
          "resolved": "https://registry.npmjs.org/debug/-/debug-4.3.3.tgz",
          "integrity": "sha512-/zxw5+vh1Tfv+4Qn7a5nsbcJKPaSvCDhojn6FEl9vupwK2VCSDtEiEtqr8DFtzYFOdz63LBkxec7DYuc2jon6Q==",
          "requires": {
            "ms": "2.1.2"
          }
        },
        "ms": {
          "version": "2.1.2",
          "resolved": "https://registry.npmjs.org/ms/-/ms-2.1.2.tgz",
          "integrity": "sha512-sGkPx+VjMtmA6MX27oA4FBFELFCZZ4S4XqeGOXCv68tT+jb3vk/RyaKWP0PTKyWtmLSM0b+adUTEvbs1PEaH2w=="
        }
      }
    },
    "array-flatten": {
      "version": "1.1.1"
    },
    "body-parser": {
      "version": "1.19.1",
      "requires": {
        "bytes": "3.1.1",
        "content-type": "~1.0.4",
        "debug": "2.6.9",
        "depd": "~1.1.2",
        "http-errors": "1.8.1",
        "iconv-lite": "0.4.24",
        "on-finished": "~2.3.0",
        "qs": "6.9.6",
        "raw-body": "2.4.2",
        "type-is": "~1.6.18"
      }
    },
    "bytes": {
      "version": "3.1.1"
    },
    "content-disposition": {
      "version": "0.5.4",
      "requires": {
        "safe-buffer": "5.2.1"
      }
    },
    "content-type": {
      "version": "1.0.4"
    },
    "cookie": {
      "version": "0.4.1"
    },
    "cookie-signature": {
      "version": "1.0.6"
    },
    "db-service": {
      "version": "file:src/modules/db-service"
    },
    "debug": {
      "version": "2.6.9",
      "requires": {
        "ms": "2.0.0"
      }
    },
    "depd": {
      "version": "1.1.2"
    },
    "destroy": {
      "version": "1.0.4"
    },
    "discord-getarg": {
      "version": "file:src/modules/discord-getarg"
    },
    "discord-interactions": {
      "version": "2.4.1",
      "requires": {
        "tweetnacl": "^1.0.3"
      }
    },
    "dt-utils": {
      "version": "file:src/modules/dt-utils"
    },
    "ee-first": {
      "version": "1.1.1"
    },
    "embed-builder": {
      "version": "file:src/modules/embed-builder"
    },
    "encodeurl": {
      "version": "1.0.2"
    },
    "escape-html": {
      "version": "1.0.3"
    },
    "etag": {
      "version": "1.8.1"
    },
    "express": {
      "version": "4.17.2",
      "requires": {
        "accepts": "~1.3.7",
        "array-flatten": "1.1.1",
        "body-parser": "1.19.1",
        "content-disposition": "0.5.4",
        "content-type": "~1.0.4",
        "cookie": "0.4.1",
        "cookie-signature": "1.0.6",
        "debug": "2.6.9",
        "depd": "~1.1.2",
        "encodeurl": "~1.0.2",
        "escape-html": "~1.0.3",
        "etag": "~1.8.1",
        "finalhandler": "~1.1.2",
        "fresh": "0.5.2",
        "merge-descriptors": "1.0.1",
        "methods": "~1.1.2",
        "on-finished": "~2.3.0",
        "parseurl": "~1.3.3",
        "path-to-regexp": "0.1.7",
        "proxy-addr": "~2.0.7",
        "qs": "6.9.6",
        "range-parser": "~1.2.1",
        "safe-buffer": "5.2.1",
        "send": "0.17.2",
        "serve-static": "1.14.2",
        "setprototypeof": "1.2.0",
        "statuses": "~1.5.0",
        "type-is": "~1.6.18",
        "utils-merge": "1.0.1",
        "vary": "~1.1.2"
      }
    },
    "finalhandler": {
      "version": "1.1.2",
      "requires": {
        "debug": "2.6.9",
        "encodeurl": "~1.0.2",
        "escape-html": "~1.0.3",
        "on-finished": "~2.3.0",
        "parseurl": "~1.3.3",
        "statuses": "~1.5.0",
        "unpipe": "~1.0.0"
      }
    },
    "forwarded": {
      "version": "0.2.0"
    },
    "fresh": {
      "version": "0.5.2"
    },
    "gen-db": {
      "version": "file:src/modules/gen-db"
    },
    "http-errors": {
      "version": "1.8.1",
      "requires": {
        "depd": "~1.1.2",
        "inherits": "2.0.4",
        "setprototypeof": "1.2.0",
        "statuses": ">= 1.5.0 < 2",
        "toidentifier": "1.0.1"
      }
    },
    "https-proxy-agent": {
      "version": "5.0.0",
      "resolved": "https://registry.npmjs.org/https-proxy-agent/-/https-proxy-agent-5.0.0.tgz",
      "integrity": "sha512-EkYm5BcKUGiduxzSt3Eppko+PiNWNEpa4ySk9vTC6wDsQJW9rHSa+UhGNJoRYp7bz6Ht1eaRIa6QaJqO5rCFbA==",
      "requires": {
        "agent-base": "6",
        "debug": "4"
      },
      "dependencies": {
        "debug": {
          "version": "4.3.3",
          "resolved": "https://registry.npmjs.org/debug/-/debug-4.3.3.tgz",
          "integrity": "sha512-/zxw5+vh1Tfv+4Qn7a5nsbcJKPaSvCDhojn6FEl9vupwK2VCSDtEiEtqr8DFtzYFOdz63LBkxec7DYuc2jon6Q==",
          "requires": {
            "ms": "2.1.2"
          }
        },
        "ms": {
          "version": "2.1.2",
          "resolved": "https://registry.npmjs.org/ms/-/ms-2.1.2.tgz",
          "integrity": "sha512-sGkPx+VjMtmA6MX27oA4FBFELFCZZ4S4XqeGOXCv68tT+jb3vk/RyaKWP0PTKyWtmLSM0b+adUTEvbs1PEaH2w=="
        }
      }
    },
    "iconv-lite": {
      "version": "0.4.24",
      "requires": {
        "safer-buffer": ">= 2.1.2 < 3"
      }
    },
    "inherits": {
      "version": "2.0.4"
    },
    "ipaddr.js": {
      "version": "1.9.1"
    },
    "learnsetutils": {
      "version": "file:src/modules/learnsetutils"
    },
    "lokijs": {
      "version": "1.5.12"
    },
    "lru_map": {
      "version": "0.3.3",
      "resolved": "https://registry.npmjs.org/lru_map/-/lru_map-0.3.3.tgz",
      "integrity": "sha1-tcg1G5Rky9dQM1p5ZQoOwOVhGN0="
    },
    "media-typer": {
      "version": "0.3.0"
    },
    "merge-descriptors": {
      "version": "1.0.1"
    },
    "methods": {
      "version": "1.1.2"
    },
    "mime": {
      "version": "1.6.0"
    },
    "mime-db": {
      "version": "1.51.0"
    },
    "mime-types": {
      "version": "2.1.34",
      "requires": {
        "mime-db": "1.51.0"
      }
    },
    "ms": {
      "version": "2.0.0"
    },
    "negotiator": {
      "version": "0.6.2"
    },
    "node-fetch": {
      "version": "2.6.7",
      "resolved": "https://registry.npmjs.org/node-fetch/-/node-fetch-2.6.7.tgz",
      "integrity": "sha512-ZjMPFEfVx5j+y2yF35Kzx5sF7kDzxuDj6ziH4FFbOp87zKDZNx8yExJIb05OGF4Nlt9IHFIMBkRl41VdvcNdbQ==",
      "requires": {
        "whatwg-url": "^5.0.0"
      }
    },
    "on-finished": {
      "version": "2.3.0",
      "requires": {
        "ee-first": "1.1.1"
      }
    },
    "parseurl": {
      "version": "1.3.3"
    },
    "path-to-regexp": {
      "version": "0.1.7"
    },
    "pokemon-colours": {
      "version": "file:src/modules/pokemon-colours"
    },
    "pokemon-complete": {
      "version": "file:src/modules/pokemon-complete"
    },
    "pokemon-filters": {
      "version": "file:src/modules/pokemon-filters"
    },
    "proxy-addr": {
      "version": "2.0.7",
      "requires": {
        "forwarded": "0.2.0",
        "ipaddr.js": "1.9.1"
      }
    },
    "qs": {
      "version": "6.9.6"
    },
    "range-parser": {
      "version": "1.2.1"
    },
    "raw-body": {
      "version": "2.4.2",
      "requires": {
        "bytes": "3.1.1",
        "http-errors": "1.8.1",
        "iconv-lite": "0.4.24",
        "unpipe": "1.0.0"
      }
    },
    "safe-buffer": {
      "version": "5.2.1"
    },
    "safer-buffer": {
      "version": "2.1.2"
    },
    "send": {
      "version": "0.17.2",
      "requires": {
        "debug": "2.6.9",
        "depd": "~1.1.2",
        "destroy": "~1.0.4",
        "encodeurl": "~1.0.2",
        "escape-html": "~1.0.3",
        "etag": "~1.8.1",
        "fresh": "0.5.2",
        "http-errors": "1.8.1",
        "mime": "1.6.0",
        "ms": "2.1.3",
        "on-finished": "~2.3.0",
        "range-parser": "~1.2.1",
        "statuses": "~1.5.0"
      },
      "dependencies": {
        "ms": {
          "version": "2.1.3"
        }
      }
    },
    "serve-static": {
      "version": "1.14.2",
      "requires": {
        "encodeurl": "~1.0.2",
        "escape-html": "~1.0.3",
        "parseurl": "~1.3.3",
        "send": "0.17.2"
      }
    },
    "setprototypeof": {
      "version": "1.2.0"
    },
    "statuses": {
      "version": "1.5.0"
    },
    "toidentifier": {
      "version": "1.0.1"
    },
    "tr46": {
      "version": "0.0.3",
      "resolved": "https://registry.npmjs.org/tr46/-/tr46-0.0.3.tgz",
      "integrity": "sha1-gYT9NH2snNwYWZLzpmIuFLnZq2o="
    },
    "tslib": {
      "version": "1.14.1",
      "resolved": "https://registry.npmjs.org/tslib/-/tslib-1.14.1.tgz",
      "integrity": "sha512-Xni35NKzjgMrwevysHTCArtLDpPvye8zV/0E4EyYn43P7/7qvQwPh9BGkHewbMulVntbigmcT7rdX3BNo9wRJg=="
    },
    "tweetnacl": {
      "version": "1.0.3"
    },
    "type-is": {
      "version": "1.6.18",
      "requires": {
        "media-typer": "0.3.0",
        "mime-types": "~2.1.24"
      }
    },
    "typecheck": {
      "version": "file:src/modules/typecheck"
    },
    "unpipe": {
      "version": "1.0.0"
    },
    "utils-merge": {
      "version": "1.0.1"
    },
    "vary": {
      "version": "1.1.2"
    },
    "webidl-conversions": {
      "version": "3.0.1",
      "resolved": "https://registry.npmjs.org/webidl-conversions/-/webidl-conversions-3.0.1.tgz",
      "integrity": "sha1-JFNCdeKnvGvnvIZhHMFq4KVlSHE="
    },
    "whatwg-url": {
      "version": "5.0.0",
      "resolved": "https://registry.npmjs.org/whatwg-url/-/whatwg-url-5.0.0.tgz",
      "integrity": "sha1-lmRU6HZUYuN2RNNib2dCzotwll0=",
      "requires": {
        "tr46": "~0.0.3",
        "webidl-conversions": "^3.0.0"
      }
    }
  }
}
