{
  "name": "sableyebot-server",
  "version": "4.5.8",
  "lockfileVersion": 2,
  "requires": true,
  "packages": {
    "": {
      "name": "sableyebot-server",
      "version": "4.5.8",
      "license": "MIT",
      "dependencies": {
        "@pkmn/data": "^0.5.10",
        "@pkmn/img": "^0.1.16",
        "@pkmn/mods": "^0.5.10",
        "@pkmn/sim": "^0.5.10",
        "@pkmn/smogon": "^0.0.15",
        "@sentry/node": "^6.19.1",
        "@sentry/tracing": "^6.19.1",
        "db-service": "file:src/modules/db-service",
        "discord-getarg": "file:src/modules/discord-getarg",
        "discord-interactions": "^2.4.1",
        "dt-utils": "file:src/modules/dt-utils",
        "embed-builder": "file:src/modules/embed-builder",
        "express": "^4.17.2",
        "gen-db": "file:src/modules/gen-db",
        "learnsetutils": "file:src/modules/learnsetutils",
        "lokijs": "^1.5.12",
        "node-fetch": "^3.2.3",
        "pokemon-colours": "file:src/modules/pokemon-colours",
        "pokemon-complete": "file:src/modules/pokemon-complete",
        "pokemon-filters": "file:src/modules/pokemon-filters",
        "usage-formatter": "file:src/modules/usage-formatter"
      },
      "engines": {
        "node": "16.x"
      }
    },
    "node_modules/@pkmn/data": {
      "version": "0.5.12",
      "resolved": "https://registry.npmjs.org/@pkmn/data/-/data-0.5.12.tgz",
      "integrity": "sha512-cwX4eORCBmxbZrciaRPCU7Vickk3vGk4Wxl/jNJilM282wEdZZ/GiMY36dXtLgbx1fi6zb/UDnNh9YC6kg1J3g==",
      "dependencies": {
        "@pkmn/dex-types": "^0.5.12"
      }
    },
    "node_modules/@pkmn/dex-types": {
      "version": "0.5.12",
      "resolved": "https://registry.npmjs.org/@pkmn/dex-types/-/dex-types-0.5.12.tgz",
      "integrity": "sha512-PPaGIW0okAs8bCiD7qXGPPMqxWDx3Cq8XDHvK13Pd/FLQUREAGJPJbMVmgDKaiSzDv1rdYQN221nP/VAVGhyLA==",
      "dependencies": {
        "@pkmn/types": "^2.0.0"
      }
    },
    "node_modules/@pkmn/img": {
      "version": "0.1.16",
      "resolved": "https://registry.npmjs.org/@pkmn/img/-/img-0.1.16.tgz",
      "integrity": "sha512-LhlbsnnW99CAWhcBOuEuP+Jg8EP4cgNIpFcG/lgx6ZNucA0PUpBZAzuzU5D08DDvzKitmhxER9jYxc61PKT88g=="
    },
    "node_modules/@pkmn/mods": {
      "version": "0.5.10",
      "resolved": "https://registry.npmjs.org/@pkmn/mods/-/mods-0.5.10.tgz",
      "integrity": "sha512-NseNfdsPEdBc6KorCq3UsYTAXi33cfjpjR9F/iWrCvyxbcWRO8KSi8nTzK6ODRyj3+Eiv8QgjT9hyEiV1dX+fg==",
      "dependencies": {
        "@pkmn/dex-types": "^0.5.10"
      }
    },
    "node_modules/@pkmn/sets": {
      "version": "2.0.0",
      "license": "MIT",
      "dependencies": {
        "@pkmn/types": "^2.0.0"
      }
    },
    "node_modules/@pkmn/sim": {
      "version": "0.5.10",
      "resolved": "https://registry.npmjs.org/@pkmn/sim/-/sim-0.5.10.tgz",
      "integrity": "sha512-+jQGTb8gV+HOsWXzXgHZn2mfBYOdwtzUUbUq6TFma+5K2CbjmvuVngvKsYcqVTqFJOtqh6NLvD5wLxNturwRNA==",
      "dependencies": {
        "@pkmn/sets": "^2.0.0",
        "@pkmn/streams": "^1.0.0"
      }
    },
    "node_modules/@pkmn/smogon": {
      "version": "0.0.15",
      "resolved": "https://registry.npmjs.org/@pkmn/smogon/-/smogon-0.0.15.tgz",
      "integrity": "sha512-cV7oAIXP8waFEVSeGhQ3/DtOmh563zFdf3ZLJiUR8H2awgT10q368R8XMvFassk/jTGMBgx7zeAazM19qZirSg==",
      "dependencies": {
        "@pkmn/data": "^0.5.12"
      }
    },
    "node_modules/@pkmn/streams": {
      "version": "1.0.0",
      "license": "MIT"
    },
    "node_modules/@pkmn/types": {
      "version": "2.0.0",
      "license": "MIT"
    },
    "node_modules/@sentry/core": {
      "version": "6.19.1",
      "resolved": "https://registry.npmjs.org/@sentry/core/-/core-6.19.1.tgz",
      "integrity": "sha512-ZSIFnwYCzABK1jX1iMwUbaAoWbbJear0wM+gSZvJpSUJ1dAXV1OZyL7kXtEJRtATahIlcrMou5ewIoeJizeWAw==",
      "dependencies": {
        "@sentry/hub": "6.19.1",
        "@sentry/minimal": "6.19.1",
        "@sentry/types": "6.19.1",
        "@sentry/utils": "6.19.1",
        "tslib": "^1.9.3"
      },
      "engines": {
        "node": ">=6"
      }
    },
    "node_modules/@sentry/hub": {
      "version": "6.19.1",
      "resolved": "https://registry.npmjs.org/@sentry/hub/-/hub-6.19.1.tgz",
      "integrity": "sha512-BgUwdxxXntGohAYrXtYrYBA6QzOeRz3NINuS838n7SRTkGf9gBJ/Rd3dyOWUrzJciKty7rmvYIwTA0oo91AMkw==",
      "dependencies": {
        "@sentry/types": "6.19.1",
        "@sentry/utils": "6.19.1",
        "tslib": "^1.9.3"
      },
      "engines": {
        "node": ">=6"
      }
    },
    "node_modules/@sentry/minimal": {
      "version": "6.19.1",
      "resolved": "https://registry.npmjs.org/@sentry/minimal/-/minimal-6.19.1.tgz",
      "integrity": "sha512-Xre3J6mjWEcQhDmQ3j4g71J8f0nDgg2p7K41SngibfZVYSOe8jAowxSI9JuWD7juuwT5GVRVCqLs+Y6mWDBaoQ==",
      "dependencies": {
        "@sentry/hub": "6.19.1",
        "@sentry/types": "6.19.1",
        "tslib": "^1.9.3"
      },
      "engines": {
        "node": ">=6"
      }
    },
    "node_modules/@sentry/node": {
      "version": "6.19.1",
      "resolved": "https://registry.npmjs.org/@sentry/node/-/node-6.19.1.tgz",
      "integrity": "sha512-ipPWFY+1gNZlt99QHInP+Z70W7nYeBEEiVDtpxSMid5zFzPJ/k9QOZtUzyelyiSCBvIIeTzVX9Fyri17fay1Pw==",
      "dependencies": {
        "@sentry/core": "6.19.1",
        "@sentry/hub": "6.19.1",
        "@sentry/types": "6.19.1",
        "@sentry/utils": "6.19.1",
        "cookie": "^0.4.1",
        "https-proxy-agent": "^5.0.0",
        "lru_map": "^0.3.3",
        "tslib": "^1.9.3"
      },
      "engines": {
        "node": ">=6"
      }
    },
    "node_modules/@sentry/tracing": {
      "version": "6.19.1",
      "resolved": "https://registry.npmjs.org/@sentry/tracing/-/tracing-6.19.1.tgz",
      "integrity": "sha512-o34+h0j70dszcIwpCIbmO4UauPurpqLvcPO3JsFhRdxQhwQaQgMwhFklbAt7al9oEDYkjlS0gzhhlOCz4IS9kA==",
      "dependencies": {
        "@sentry/hub": "6.19.1",
        "@sentry/minimal": "6.19.1",
        "@sentry/types": "6.19.1",
        "@sentry/utils": "6.19.1",
        "tslib": "^1.9.3"
      },
      "engines": {
        "node": ">=6"
      }
    },
    "node_modules/@sentry/types": {
      "version": "6.19.1",
      "resolved": "https://registry.npmjs.org/@sentry/types/-/types-6.19.1.tgz",
      "integrity": "sha512-ovmNYdqD2MKLmru4calxetX1xjJdYim+HEI/GzwvVUYshsaXRq4EiQ17h3DAy90MV7JH279PmMoPGDTOpufq+Q==",
      "engines": {
        "node": ">=6"
      }
    },
    "node_modules/@sentry/utils": {
      "version": "6.19.1",
      "resolved": "https://registry.npmjs.org/@sentry/utils/-/utils-6.19.1.tgz",
      "integrity": "sha512-mWcQbQ1yO7PooLpJpQK84+wOfxGeb8iUKRb8inO+2Eg6VksDbXRuJ89Yd4APBTRxBj5Wihy48bPuVfKtovtm8g==",
      "dependencies": {
        "@sentry/types": "6.19.1",
        "tslib": "^1.9.3"
      },
      "engines": {
        "node": ">=6"
      }
    },
    "node_modules/accepts": {
      "version": "1.3.7",
      "license": "MIT",
      "dependencies": {
        "mime-types": "~2.1.24",
        "negotiator": "0.6.2"
      },
      "engines": {
        "node": ">= 0.6"
      }
    },
    "node_modules/agent-base": {
      "version": "6.0.2",
      "resolved": "https://registry.npmjs.org/agent-base/-/agent-base-6.0.2.tgz",
      "integrity": "sha512-RZNwNclF7+MS/8bDg70amg32dyeZGZxiDuQmZxKLAlQjr3jGyLx+4Kkk58UO7D2QdgFIQCovuSuZESne6RG6XQ==",
      "dependencies": {
        "debug": "4"
      },
      "engines": {
        "node": ">= 6.0.0"
      }
    },
    "node_modules/agent-base/node_modules/debug": {
      "version": "4.3.3",
      "resolved": "https://registry.npmjs.org/debug/-/debug-4.3.3.tgz",
      "integrity": "sha512-/zxw5+vh1Tfv+4Qn7a5nsbcJKPaSvCDhojn6FEl9vupwK2VCSDtEiEtqr8DFtzYFOdz63LBkxec7DYuc2jon6Q==",
      "dependencies": {
        "ms": "2.1.2"
      },
      "engines": {
        "node": ">=6.0"
      },
      "peerDependenciesMeta": {
        "supports-color": {
          "optional": true
        }
      }
    },
    "node_modules/agent-base/node_modules/ms": {
      "version": "2.1.2",
      "resolved": "https://registry.npmjs.org/ms/-/ms-2.1.2.tgz",
      "integrity": "sha512-sGkPx+VjMtmA6MX27oA4FBFELFCZZ4S4XqeGOXCv68tT+jb3vk/RyaKWP0PTKyWtmLSM0b+adUTEvbs1PEaH2w=="
    },
    "node_modules/array-flatten": {
      "version": "1.1.1",
      "license": "MIT"
    },
    "node_modules/body-parser": {
      "version": "1.19.1",
      "license": "MIT",
      "dependencies": {
        "bytes": "3.1.1",
        "content-type": "~1.0.4",
        "debug": "2.6.9",
        "depd": "~1.1.2",
        "http-errors": "1.8.1",
        "iconv-lite": "0.4.24",
        "on-finished": "~2.3.0",
        "qs": "6.9.6",
        "raw-body": "2.4.2",
        "type-is": "~1.6.18"
      },
      "engines": {
        "node": ">= 0.8"
      }
    },
    "node_modules/bytes": {
      "version": "3.1.1",
      "license": "MIT",
      "engines": {
        "node": ">= 0.8"
      }
    },
    "node_modules/content-disposition": {
      "version": "0.5.4",
      "license": "MIT",
      "dependencies": {
        "safe-buffer": "5.2.1"
      },
      "engines": {
        "node": ">= 0.6"
      }
    },
    "node_modules/content-type": {
      "version": "1.0.4",
      "license": "MIT",
      "engines": {
        "node": ">= 0.6"
      }
    },
    "node_modules/cookie": {
      "version": "0.4.1",
      "license": "MIT",
      "engines": {
        "node": ">= 0.6"
      }
    },
    "node_modules/cookie-signature": {
      "version": "1.0.6",
      "license": "MIT"
    },
    "node_modules/data-uri-to-buffer": {
      "version": "4.0.0",
      "resolved": "https://registry.npmjs.org/data-uri-to-buffer/-/data-uri-to-buffer-4.0.0.tgz",
      "integrity": "sha512-Vr3mLBA8qWmcuschSLAOogKgQ/Jwxulv3RNE4FXnYWRGujzrRWQI4m12fQqRkwX06C0KanhLr4hK+GydchZsaA==",
      "engines": {
        "node": ">= 12"
      }
    },
    "node_modules/db-service": {
      "resolved": "src/modules/db-service",
      "link": true
    },
    "node_modules/debug": {
      "version": "2.6.9",
      "license": "MIT",
      "dependencies": {
        "ms": "2.0.0"
      }
    },
    "node_modules/depd": {
      "version": "1.1.2",
      "license": "MIT",
      "engines": {
        "node": ">= 0.6"
      }
    },
    "node_modules/destroy": {
      "version": "1.0.4",
      "license": "MIT"
    },
    "node_modules/discord-getarg": {
      "resolved": "src/modules/discord-getarg",
      "link": true
    },
    "node_modules/discord-interactions": {
      "version": "2.4.1",
      "license": "MIT",
      "dependencies": {
        "tweetnacl": "^1.0.3"
      }
    },
    "node_modules/dt-utils": {
      "resolved": "src/modules/dt-utils",
      "link": true
    },
    "node_modules/ee-first": {
      "version": "1.1.1",
      "license": "MIT"
    },
    "node_modules/embed-builder": {
      "resolved": "src/modules/embed-builder",
      "link": true
    },
    "node_modules/encodeurl": {
      "version": "1.0.2",
      "license": "MIT",
      "engines": {
        "node": ">= 0.8"
      }
    },
    "node_modules/escape-html": {
      "version": "1.0.3",
      "license": "MIT"
    },
    "node_modules/etag": {
      "version": "1.8.1",
      "license": "MIT",
      "engines": {
        "node": ">= 0.6"
      }
    },
    "node_modules/express": {
      "version": "4.17.2",
      "license": "MIT",
      "dependencies": {
        "accepts": "~1.3.7",
        "array-flatten": "1.1.1",
        "body-parser": "1.19.1",
        "content-disposition": "0.5.4",
        "content-type": "~1.0.4",
        "cookie": "0.4.1",
        "cookie-signature": "1.0.6",
        "debug": "2.6.9",
        "depd": "~1.1.2",
        "encodeurl": "~1.0.2",
        "escape-html": "~1.0.3",
        "etag": "~1.8.1",
        "finalhandler": "~1.1.2",
        "fresh": "0.5.2",
        "merge-descriptors": "1.0.1",
        "methods": "~1.1.2",
        "on-finished": "~2.3.0",
        "parseurl": "~1.3.3",
        "path-to-regexp": "0.1.7",
        "proxy-addr": "~2.0.7",
        "qs": "6.9.6",
        "range-parser": "~1.2.1",
        "safe-buffer": "5.2.1",
        "send": "0.17.2",
        "serve-static": "1.14.2",
        "setprototypeof": "1.2.0",
        "statuses": "~1.5.0",
        "type-is": "~1.6.18",
        "utils-merge": "1.0.1",
        "vary": "~1.1.2"
      },
      "engines": {
        "node": ">= 0.10.0"
      }
    },
    "node_modules/fetch-blob": {
      "version": "3.1.5",
      "resolved": "https://registry.npmjs.org/fetch-blob/-/fetch-blob-3.1.5.tgz",
      "integrity": "sha512-N64ZpKqoLejlrwkIAnb9iLSA3Vx/kjgzpcDhygcqJ2KKjky8nCgUQ+dzXtbrLaWZGZNmNfQTsiQ0weZ1svglHg==",
      "funding": [
        {
          "type": "github",
          "url": "https://github.com/sponsors/jimmywarting"
        },
        {
          "type": "paypal",
          "url": "https://paypal.me/jimmywarting"
        }
      ],
      "dependencies": {
        "node-domexception": "^1.0.0",
        "web-streams-polyfill": "^3.0.3"
      },
      "engines": {
        "node": "^12.20 || >= 14.13"
      }
    },
    "node_modules/finalhandler": {
      "version": "1.1.2",
      "license": "MIT",
      "dependencies": {
        "debug": "2.6.9",
        "encodeurl": "~1.0.2",
        "escape-html": "~1.0.3",
        "on-finished": "~2.3.0",
        "parseurl": "~1.3.3",
        "statuses": "~1.5.0",
        "unpipe": "~1.0.0"
      },
      "engines": {
        "node": ">= 0.8"
      }
    },
    "node_modules/formdata-polyfill": {
      "version": "4.0.10",
      "resolved": "https://registry.npmjs.org/formdata-polyfill/-/formdata-polyfill-4.0.10.tgz",
      "integrity": "sha512-buewHzMvYL29jdeQTVILecSaZKnt/RJWjoZCF5OW60Z67/GmSLBkOFM7qh1PI3zFNtJbaZL5eQu1vLfazOwj4g==",
      "dependencies": {
        "fetch-blob": "^3.1.2"
      },
      "engines": {
        "node": ">=12.20.0"
      }
    },
    "node_modules/forwarded": {
      "version": "0.2.0",
      "license": "MIT",
      "engines": {
        "node": ">= 0.6"
      }
    },
    "node_modules/fresh": {
      "version": "0.5.2",
      "license": "MIT",
      "engines": {
        "node": ">= 0.6"
      }
    },
    "node_modules/gen-db": {
      "resolved": "src/modules/gen-db",
      "link": true
    },
    "node_modules/http-errors": {
      "version": "1.8.1",
      "license": "MIT",
      "dependencies": {
        "depd": "~1.1.2",
        "inherits": "2.0.4",
        "setprototypeof": "1.2.0",
        "statuses": ">= 1.5.0 < 2",
        "toidentifier": "1.0.1"
      },
      "engines": {
        "node": ">= 0.6"
      }
    },
    "node_modules/https-proxy-agent": {
      "version": "5.0.0",
      "resolved": "https://registry.npmjs.org/https-proxy-agent/-/https-proxy-agent-5.0.0.tgz",
      "integrity": "sha512-EkYm5BcKUGiduxzSt3Eppko+PiNWNEpa4ySk9vTC6wDsQJW9rHSa+UhGNJoRYp7bz6Ht1eaRIa6QaJqO5rCFbA==",
      "dependencies": {
        "agent-base": "6",
        "debug": "4"
      },
      "engines": {
        "node": ">= 6"
      }
    },
    "node_modules/https-proxy-agent/node_modules/debug": {
      "version": "4.3.3",
      "resolved": "https://registry.npmjs.org/debug/-/debug-4.3.3.tgz",
      "integrity": "sha512-/zxw5+vh1Tfv+4Qn7a5nsbcJKPaSvCDhojn6FEl9vupwK2VCSDtEiEtqr8DFtzYFOdz63LBkxec7DYuc2jon6Q==",
      "dependencies": {
        "ms": "2.1.2"
      },
      "engines": {
        "node": ">=6.0"
      },
      "peerDependenciesMeta": {
        "supports-color": {
          "optional": true
        }
      }
    },
    "node_modules/https-proxy-agent/node_modules/ms": {
      "version": "2.1.2",
      "resolved": "https://registry.npmjs.org/ms/-/ms-2.1.2.tgz",
      "integrity": "sha512-sGkPx+VjMtmA6MX27oA4FBFELFCZZ4S4XqeGOXCv68tT+jb3vk/RyaKWP0PTKyWtmLSM0b+adUTEvbs1PEaH2w=="
    },
    "node_modules/iconv-lite": {
      "version": "0.4.24",
      "license": "MIT",
      "dependencies": {
        "safer-buffer": ">= 2.1.2 < 3"
      },
      "engines": {
        "node": ">=0.10.0"
      }
    },
    "node_modules/inherits": {
      "version": "2.0.4",
      "license": "ISC"
    },
    "node_modules/ipaddr.js": {
      "version": "1.9.1",
      "license": "MIT",
      "engines": {
        "node": ">= 0.10"
      }
    },
    "node_modules/learnsetutils": {
      "resolved": "src/modules/learnsetutils",
      "link": true
    },
    "node_modules/lokijs": {
      "version": "1.5.12",
      "license": "MIT"
    },
    "node_modules/lru_map": {
      "version": "0.3.3",
      "resolved": "https://registry.npmjs.org/lru_map/-/lru_map-0.3.3.tgz",
      "integrity": "sha1-tcg1G5Rky9dQM1p5ZQoOwOVhGN0="
    },
    "node_modules/media-typer": {
      "version": "0.3.0",
      "license": "MIT",
      "engines": {
        "node": ">= 0.6"
      }
    },
    "node_modules/merge-descriptors": {
      "version": "1.0.1",
      "license": "MIT"
    },
    "node_modules/methods": {
      "version": "1.1.2",
      "license": "MIT",
      "engines": {
        "node": ">= 0.6"
      }
    },
    "node_modules/mime": {
      "version": "1.6.0",
      "license": "MIT",
      "bin": {
        "mime": "cli.js"
      },
      "engines": {
        "node": ">=4"
      }
    },
    "node_modules/mime-db": {
      "version": "1.51.0",
      "license": "MIT",
      "engines": {
        "node": ">= 0.6"
      }
    },
    "node_modules/mime-types": {
      "version": "2.1.34",
      "license": "MIT",
      "dependencies": {
        "mime-db": "1.51.0"
      },
      "engines": {
        "node": ">= 0.6"
      }
    },
    "node_modules/ms": {
      "version": "2.0.0",
      "license": "MIT"
    },
    "node_modules/negotiator": {
      "version": "0.6.2",
      "license": "MIT",
      "engines": {
        "node": ">= 0.6"
      }
    },
    "node_modules/node-domexception": {
      "version": "1.0.0",
      "resolved": "https://registry.npmjs.org/node-domexception/-/node-domexception-1.0.0.tgz",
      "integrity": "sha512-/jKZoMpw0F8GRwl4/eLROPA3cfcXtLApP0QzLmUT/HuPCZWyB7IY9ZrMeKw2O/nFIqPQB3PVM9aYm0F312AXDQ==",
      "funding": [
        {
          "type": "github",
          "url": "https://github.com/sponsors/jimmywarting"
        },
        {
          "type": "github",
          "url": "https://paypal.me/jimmywarting"
        }
      ],
      "engines": {
        "node": ">=10.5.0"
      }
    },
    "node_modules/node-fetch": {
      "version": "3.2.3",
      "resolved": "https://registry.npmjs.org/node-fetch/-/node-fetch-3.2.3.tgz",
      "integrity": "sha512-AXP18u4pidSZ1xYXRDPY/8jdv3RAozIt/WLNR/MBGZAz+xjtlr90RvCnsvHQRiXyWliZF/CpytExp32UU67/SA==",
      "dependencies": {
        "data-uri-to-buffer": "^4.0.0",
        "fetch-blob": "^3.1.4",
        "formdata-polyfill": "^4.0.10"
      },
      "engines": {
        "node": "^12.20.0 || ^14.13.1 || >=16.0.0"
      },
      "funding": {
        "type": "opencollective",
        "url": "https://opencollective.com/node-fetch"
      }
    },
    "node_modules/on-finished": {
      "version": "2.3.0",
      "license": "MIT",
      "dependencies": {
        "ee-first": "1.1.1"
      },
      "engines": {
        "node": ">= 0.8"
      }
    },
    "node_modules/parseurl": {
      "version": "1.3.3",
      "license": "MIT",
      "engines": {
        "node": ">= 0.8"
      }
    },
    "node_modules/path-to-regexp": {
      "version": "0.1.7",
      "license": "MIT"
    },
    "node_modules/pokemon-colours": {
      "resolved": "src/modules/pokemon-colours",
      "link": true
    },
    "node_modules/pokemon-complete": {
      "resolved": "src/modules/pokemon-complete",
      "link": true
    },
    "node_modules/pokemon-filters": {
      "resolved": "src/modules/pokemon-filters",
      "link": true
    },
    "node_modules/proxy-addr": {
      "version": "2.0.7",
      "license": "MIT",
      "dependencies": {
        "forwarded": "0.2.0",
        "ipaddr.js": "1.9.1"
      },
      "engines": {
        "node": ">= 0.10"
      }
    },
    "node_modules/qs": {
      "version": "6.9.6",
      "license": "BSD-3-Clause",
      "engines": {
        "node": ">=0.6"
      },
      "funding": {
        "url": "https://github.com/sponsors/ljharb"
      }
    },
    "node_modules/range-parser": {
      "version": "1.2.1",
      "license": "MIT",
      "engines": {
        "node": ">= 0.6"
      }
    },
    "node_modules/raw-body": {
      "version": "2.4.2",
      "license": "MIT",
      "dependencies": {
        "bytes": "3.1.1",
        "http-errors": "1.8.1",
        "iconv-lite": "0.4.24",
        "unpipe": "1.0.0"
      },
      "engines": {
        "node": ">= 0.8"
      }
    },
    "node_modules/safe-buffer": {
      "version": "5.2.1",
      "funding": [
        {
          "type": "github",
          "url": "https://github.com/sponsors/feross"
        },
        {
          "type": "patreon",
          "url": "https://www.patreon.com/feross"
        },
        {
          "type": "consulting",
          "url": "https://feross.org/support"
        }
      ],
      "license": "MIT"
    },
    "node_modules/safer-buffer": {
      "version": "2.1.2",
      "license": "MIT"
    },
    "node_modules/send": {
      "version": "0.17.2",
      "license": "MIT",
      "dependencies": {
        "debug": "2.6.9",
        "depd": "~1.1.2",
        "destroy": "~1.0.4",
        "encodeurl": "~1.0.2",
        "escape-html": "~1.0.3",
        "etag": "~1.8.1",
        "fresh": "0.5.2",
        "http-errors": "1.8.1",
        "mime": "1.6.0",
        "ms": "2.1.3",
        "on-finished": "~2.3.0",
        "range-parser": "~1.2.1",
        "statuses": "~1.5.0"
      },
      "engines": {
        "node": ">= 0.8.0"
      }
    },
    "node_modules/send/node_modules/ms": {
      "version": "2.1.3",
      "license": "MIT"
    },
    "node_modules/serve-static": {
      "version": "1.14.2",
      "license": "MIT",
      "dependencies": {
        "encodeurl": "~1.0.2",
        "escape-html": "~1.0.3",
        "parseurl": "~1.3.3",
        "send": "0.17.2"
      },
      "engines": {
        "node": ">= 0.8.0"
      }
    },
    "node_modules/setprototypeof": {
      "version": "1.2.0",
      "license": "ISC"
    },
    "node_modules/statuses": {
      "version": "1.5.0",
      "license": "MIT",
      "engines": {
        "node": ">= 0.6"
      }
    },
    "node_modules/toidentifier": {
      "version": "1.0.1",
      "license": "MIT",
      "engines": {
        "node": ">=0.6"
      }
    },
    "node_modules/tslib": {
      "version": "1.14.1",
      "resolved": "https://registry.npmjs.org/tslib/-/tslib-1.14.1.tgz",
      "integrity": "sha512-Xni35NKzjgMrwevysHTCArtLDpPvye8zV/0E4EyYn43P7/7qvQwPh9BGkHewbMulVntbigmcT7rdX3BNo9wRJg=="
    },
    "node_modules/tweetnacl": {
      "version": "1.0.3",
      "license": "Unlicense"
    },
    "node_modules/type-is": {
      "version": "1.6.18",
      "license": "MIT",
      "dependencies": {
        "media-typer": "0.3.0",
        "mime-types": "~2.1.24"
      },
      "engines": {
        "node": ">= 0.6"
      }
    },
    "node_modules/unpipe": {
      "version": "1.0.0",
      "license": "MIT",
      "engines": {
        "node": ">= 0.8"
      }
    },
    "node_modules/usage-formatter": {
      "resolved": "src/modules/usage-formatter",
      "link": true
    },
    "node_modules/utils-merge": {
      "version": "1.0.1",
      "license": "MIT",
      "engines": {
        "node": ">= 0.4.0"
      }
    },
    "node_modules/vary": {
      "version": "1.1.2",
      "license": "MIT",
      "engines": {
        "node": ">= 0.8"
      }
    },
    "node_modules/web-streams-polyfill": {
      "version": "3.2.0",
      "resolved": "https://registry.npmjs.org/web-streams-polyfill/-/web-streams-polyfill-3.2.0.tgz",
      "integrity": "sha512-EqPmREeOzttaLRm5HS7io98goBgZ7IVz79aDvqjD0kYXLtFZTc0T/U6wHTPKyIjb+MdN7DFIIX6hgdBEpWmfPA==",
      "engines": {
        "node": ">= 8"
      }
    },
    "src/modules/db-service": {
      "version": "1.0.0",
      "license": "MIT"
    },
    "src/modules/discord-getarg": {
      "version": "1.0.0",
      "license": "MIT"
    },
    "src/modules/dt-utils": {
      "version": "1.0.0",
      "license": "MIT"
    },
    "src/modules/embed-builder": {
      "version": "1.0.0",
      "license": "MIT"
    },
    "src/modules/gen-db": {
      "version": "1.0.0",
      "license": "MIT"
    },
    "src/modules/learnsetutils": {
      "version": "1.0.0",
      "license": "MIT"
    },
    "src/modules/pkmn-colours": {
      "version": "1.0.0",
      "extraneous": true,
      "license": "MIT"
    },
    "src/modules/pkmn-complete": {
      "version": "1.0.0",
      "extraneous": true,
      "license": "MIT"
    },
    "src/modules/pokemon-colours": {
      "version": "1.0.0",
      "license": "MIT"
    },
    "src/modules/pokemon-complete": {
      "version": "1.0.0",
      "license": "MIT"
    },
    "src/modules/pokemon-filters": {
      "version": "1.0.0",
      "license": "MIT"
    },
    "src/modules/typecheck": {
      "version": "1.0.0",
      "extraneous": true,
      "license": "MIT"
    },
    "src/modules/usage-formatter": {
      "version": "1.0.0",
      "license": "MIT"
    }
  },
  "dependencies": {
    "@pkmn/data": {
      "version": "0.5.12",
      "resolved": "https://registry.npmjs.org/@pkmn/data/-/data-0.5.12.tgz",
      "integrity": "sha512-cwX4eORCBmxbZrciaRPCU7Vickk3vGk4Wxl/jNJilM282wEdZZ/GiMY36dXtLgbx1fi6zb/UDnNh9YC6kg1J3g==",
      "requires": {
        "@pkmn/dex-types": "^0.5.12"
      }
    },
    "@pkmn/dex-types": {
      "version": "0.5.12",
      "resolved": "https://registry.npmjs.org/@pkmn/dex-types/-/dex-types-0.5.12.tgz",
      "integrity": "sha512-PPaGIW0okAs8bCiD7qXGPPMqxWDx3Cq8XDHvK13Pd/FLQUREAGJPJbMVmgDKaiSzDv1rdYQN221nP/VAVGhyLA==",
      "requires": {
        "@pkmn/types": "^2.0.0"
      }
    },
    "@pkmn/img": {
      "version": "0.1.16",
      "resolved": "https://registry.npmjs.org/@pkmn/img/-/img-0.1.16.tgz",
      "integrity": "sha512-LhlbsnnW99CAWhcBOuEuP+Jg8EP4cgNIpFcG/lgx6ZNucA0PUpBZAzuzU5D08DDvzKitmhxER9jYxc61PKT88g=="
    },
    "@pkmn/mods": {
      "version": "0.5.10",
      "resolved": "https://registry.npmjs.org/@pkmn/mods/-/mods-0.5.10.tgz",
      "integrity": "sha512-NseNfdsPEdBc6KorCq3UsYTAXi33cfjpjR9F/iWrCvyxbcWRO8KSi8nTzK6ODRyj3+Eiv8QgjT9hyEiV1dX+fg==",
      "requires": {
        "@pkmn/dex-types": "^0.5.10"
      }
    },
    "@pkmn/sets": {
      "version": "2.0.0",
      "requires": {
        "@pkmn/types": "^2.0.0"
      }
    },
    "@pkmn/sim": {
      "version": "0.5.10",
      "resolved": "https://registry.npmjs.org/@pkmn/sim/-/sim-0.5.10.tgz",
      "integrity": "sha512-+jQGTb8gV+HOsWXzXgHZn2mfBYOdwtzUUbUq6TFma+5K2CbjmvuVngvKsYcqVTqFJOtqh6NLvD5wLxNturwRNA==",
      "requires": {
        "@pkmn/sets": "^2.0.0",
        "@pkmn/streams": "^1.0.0"
      }
    },
    "@pkmn/smogon": {
      "version": "0.0.15",
      "resolved": "https://registry.npmjs.org/@pkmn/smogon/-/smogon-0.0.15.tgz",
      "integrity": "sha512-cV7oAIXP8waFEVSeGhQ3/DtOmh563zFdf3ZLJiUR8H2awgT10q368R8XMvFassk/jTGMBgx7zeAazM19qZirSg==",
      "requires": {
        "@pkmn/data": "^0.5.12"
      }
    },
    "@pkmn/streams": {
      "version": "1.0.0"
    },
    "@pkmn/types": {
      "version": "2.0.0"
    },
    "@sentry/core": {
      "version": "6.19.1",
      "resolved": "https://registry.npmjs.org/@sentry/core/-/core-6.19.1.tgz",
      "integrity": "sha512-ZSIFnwYCzABK1jX1iMwUbaAoWbbJear0wM+gSZvJpSUJ1dAXV1OZyL7kXtEJRtATahIlcrMou5ewIoeJizeWAw==",
      "requires": {
        "@sentry/hub": "6.19.1",
        "@sentry/minimal": "6.19.1",
        "@sentry/types": "6.19.1",
        "@sentry/utils": "6.19.1",
        "tslib": "^1.9.3"
      }
    },
    "@sentry/hub": {
      "version": "6.19.1",
      "resolved": "https://registry.npmjs.org/@sentry/hub/-/hub-6.19.1.tgz",
      "integrity": "sha512-BgUwdxxXntGohAYrXtYrYBA6QzOeRz3NINuS838n7SRTkGf9gBJ/Rd3dyOWUrzJciKty7rmvYIwTA0oo91AMkw==",
      "requires": {
        "@sentry/types": "6.19.1",
        "@sentry/utils": "6.19.1",
        "tslib": "^1.9.3"
      }
    },
    "@sentry/minimal": {
      "version": "6.19.1",
      "resolved": "https://registry.npmjs.org/@sentry/minimal/-/minimal-6.19.1.tgz",
      "integrity": "sha512-Xre3J6mjWEcQhDmQ3j4g71J8f0nDgg2p7K41SngibfZVYSOe8jAowxSI9JuWD7juuwT5GVRVCqLs+Y6mWDBaoQ==",
      "requires": {
        "@sentry/hub": "6.19.1",
        "@sentry/types": "6.19.1",
        "tslib": "^1.9.3"
      }
    },
    "@sentry/node": {
      "version": "6.19.1",
      "resolved": "https://registry.npmjs.org/@sentry/node/-/node-6.19.1.tgz",
      "integrity": "sha512-ipPWFY+1gNZlt99QHInP+Z70W7nYeBEEiVDtpxSMid5zFzPJ/k9QOZtUzyelyiSCBvIIeTzVX9Fyri17fay1Pw==",
      "requires": {
        "@sentry/core": "6.19.1",
        "@sentry/hub": "6.19.1",
        "@sentry/types": "6.19.1",
        "@sentry/utils": "6.19.1",
        "cookie": "^0.4.1",
        "https-proxy-agent": "^5.0.0",
        "lru_map": "^0.3.3",
        "tslib": "^1.9.3"
      }
    },
    "@sentry/tracing": {
      "version": "6.19.1",
      "resolved": "https://registry.npmjs.org/@sentry/tracing/-/tracing-6.19.1.tgz",
      "integrity": "sha512-o34+h0j70dszcIwpCIbmO4UauPurpqLvcPO3JsFhRdxQhwQaQgMwhFklbAt7al9oEDYkjlS0gzhhlOCz4IS9kA==",
      "requires": {
        "@sentry/hub": "6.19.1",
        "@sentry/minimal": "6.19.1",
        "@sentry/types": "6.19.1",
        "@sentry/utils": "6.19.1",
        "tslib": "^1.9.3"
      }
    },
    "@sentry/types": {
      "version": "6.19.1",
      "resolved": "https://registry.npmjs.org/@sentry/types/-/types-6.19.1.tgz",
      "integrity": "sha512-ovmNYdqD2MKLmru4calxetX1xjJdYim+HEI/GzwvVUYshsaXRq4EiQ17h3DAy90MV7JH279PmMoPGDTOpufq+Q=="
    },
    "@sentry/utils": {
      "version": "6.19.1",
      "resolved": "https://registry.npmjs.org/@sentry/utils/-/utils-6.19.1.tgz",
      "integrity": "sha512-mWcQbQ1yO7PooLpJpQK84+wOfxGeb8iUKRb8inO+2Eg6VksDbXRuJ89Yd4APBTRxBj5Wihy48bPuVfKtovtm8g==",
      "requires": {
        "@sentry/types": "6.19.1",
        "tslib": "^1.9.3"
      }
    },
    "accepts": {
      "version": "1.3.7",
      "requires": {
        "mime-types": "~2.1.24",
        "negotiator": "0.6.2"
      }
    },
    "agent-base": {
      "version": "6.0.2",
      "resolved": "https://registry.npmjs.org/agent-base/-/agent-base-6.0.2.tgz",
      "integrity": "sha512-RZNwNclF7+MS/8bDg70amg32dyeZGZxiDuQmZxKLAlQjr3jGyLx+4Kkk58UO7D2QdgFIQCovuSuZESne6RG6XQ==",
      "requires": {
        "debug": "4"
      },
      "dependencies": {
        "debug": {
          "version": "4.3.3",
          "resolved": "https://registry.npmjs.org/debug/-/debug-4.3.3.tgz",
          "integrity": "sha512-/zxw5+vh1Tfv+4Qn7a5nsbcJKPaSvCDhojn6FEl9vupwK2VCSDtEiEtqr8DFtzYFOdz63LBkxec7DYuc2jon6Q==",
          "requires": {
            "ms": "2.1.2"
          }
        },
        "ms": {
          "version": "2.1.2",
          "resolved": "https://registry.npmjs.org/ms/-/ms-2.1.2.tgz",
          "integrity": "sha512-sGkPx+VjMtmA6MX27oA4FBFELFCZZ4S4XqeGOXCv68tT+jb3vk/RyaKWP0PTKyWtmLSM0b+adUTEvbs1PEaH2w=="
        }
      }
    },
    "array-flatten": {
      "version": "1.1.1"
    },
    "body-parser": {
      "version": "1.19.1",
      "requires": {
        "bytes": "3.1.1",
        "content-type": "~1.0.4",
        "debug": "2.6.9",
        "depd": "~1.1.2",
        "http-errors": "1.8.1",
        "iconv-lite": "0.4.24",
        "on-finished": "~2.3.0",
        "qs": "6.9.6",
        "raw-body": "2.4.2",
        "type-is": "~1.6.18"
      }
    },
    "bytes": {
      "version": "3.1.1"
    },
    "content-disposition": {
      "version": "0.5.4",
      "requires": {
        "safe-buffer": "5.2.1"
      }
    },
    "content-type": {
      "version": "1.0.4"
    },
    "cookie": {
      "version": "0.4.1"
    },
    "cookie-signature": {
      "version": "1.0.6"
    },
    "data-uri-to-buffer": {
      "version": "4.0.0",
      "resolved": "https://registry.npmjs.org/data-uri-to-buffer/-/data-uri-to-buffer-4.0.0.tgz",
      "integrity": "sha512-Vr3mLBA8qWmcuschSLAOogKgQ/Jwxulv3RNE4FXnYWRGujzrRWQI4m12fQqRkwX06C0KanhLr4hK+GydchZsaA=="
    },
    "db-service": {
      "version": "file:src/modules/db-service"
    },
    "debug": {
      "version": "2.6.9",
      "requires": {
        "ms": "2.0.0"
      }
    },
    "depd": {
      "version": "1.1.2"
    },
    "destroy": {
      "version": "1.0.4"
    },
    "discord-getarg": {
      "version": "file:src/modules/discord-getarg"
    },
    "discord-interactions": {
      "version": "2.4.1",
      "requires": {
        "tweetnacl": "^1.0.3"
      }
    },
    "dt-utils": {
      "version": "file:src/modules/dt-utils"
    },
    "ee-first": {
      "version": "1.1.1"
    },
    "embed-builder": {
      "version": "file:src/modules/embed-builder"
    },
    "encodeurl": {
      "version": "1.0.2"
    },
    "escape-html": {
      "version": "1.0.3"
    },
    "etag": {
      "version": "1.8.1"
    },
    "express": {
      "version": "4.17.2",
      "requires": {
        "accepts": "~1.3.7",
        "array-flatten": "1.1.1",
        "body-parser": "1.19.1",
        "content-disposition": "0.5.4",
        "content-type": "~1.0.4",
        "cookie": "0.4.1",
        "cookie-signature": "1.0.6",
        "debug": "2.6.9",
        "depd": "~1.1.2",
        "encodeurl": "~1.0.2",
        "escape-html": "~1.0.3",
        "etag": "~1.8.1",
        "finalhandler": "~1.1.2",
        "fresh": "0.5.2",
        "merge-descriptors": "1.0.1",
        "methods": "~1.1.2",
        "on-finished": "~2.3.0",
        "parseurl": "~1.3.3",
        "path-to-regexp": "0.1.7",
        "proxy-addr": "~2.0.7",
        "qs": "6.9.6",
        "range-parser": "~1.2.1",
        "safe-buffer": "5.2.1",
        "send": "0.17.2",
        "serve-static": "1.14.2",
        "setprototypeof": "1.2.0",
        "statuses": "~1.5.0",
        "type-is": "~1.6.18",
        "utils-merge": "1.0.1",
        "vary": "~1.1.2"
      }
    },
    "fetch-blob": {
      "version": "3.1.5",
      "resolved": "https://registry.npmjs.org/fetch-blob/-/fetch-blob-3.1.5.tgz",
      "integrity": "sha512-N64ZpKqoLejlrwkIAnb9iLSA3Vx/kjgzpcDhygcqJ2KKjky8nCgUQ+dzXtbrLaWZGZNmNfQTsiQ0weZ1svglHg==",
      "requires": {
        "node-domexception": "^1.0.0",
        "web-streams-polyfill": "^3.0.3"
      }
    },
    "finalhandler": {
      "version": "1.1.2",
      "requires": {
        "debug": "2.6.9",
        "encodeurl": "~1.0.2",
        "escape-html": "~1.0.3",
        "on-finished": "~2.3.0",
        "parseurl": "~1.3.3",
        "statuses": "~1.5.0",
        "unpipe": "~1.0.0"
      }
    },
    "formdata-polyfill": {
      "version": "4.0.10",
      "resolved": "https://registry.npmjs.org/formdata-polyfill/-/formdata-polyfill-4.0.10.tgz",
      "integrity": "sha512-buewHzMvYL29jdeQTVILecSaZKnt/RJWjoZCF5OW60Z67/GmSLBkOFM7qh1PI3zFNtJbaZL5eQu1vLfazOwj4g==",
      "requires": {
        "fetch-blob": "^3.1.2"
      }
    },
    "forwarded": {
      "version": "0.2.0"
    },
    "fresh": {
      "version": "0.5.2"
    },
    "gen-db": {
      "version": "file:src/modules/gen-db"
    },
    "http-errors": {
      "version": "1.8.1",
      "requires": {
        "depd": "~1.1.2",
        "inherits": "2.0.4",
        "setprototypeof": "1.2.0",
        "statuses": ">= 1.5.0 < 2",
        "toidentifier": "1.0.1"
      }
    },
    "https-proxy-agent": {
      "version": "5.0.0",
      "resolved": "https://registry.npmjs.org/https-proxy-agent/-/https-proxy-agent-5.0.0.tgz",
      "integrity": "sha512-EkYm5BcKUGiduxzSt3Eppko+PiNWNEpa4ySk9vTC6wDsQJW9rHSa+UhGNJoRYp7bz6Ht1eaRIa6QaJqO5rCFbA==",
      "requires": {
        "agent-base": "6",
        "debug": "4"
      },
      "dependencies": {
        "debug": {
          "version": "4.3.3",
          "resolved": "https://registry.npmjs.org/debug/-/debug-4.3.3.tgz",
          "integrity": "sha512-/zxw5+vh1Tfv+4Qn7a5nsbcJKPaSvCDhojn6FEl9vupwK2VCSDtEiEtqr8DFtzYFOdz63LBkxec7DYuc2jon6Q==",
          "requires": {
            "ms": "2.1.2"
          }
        },
        "ms": {
          "version": "2.1.2",
          "resolved": "https://registry.npmjs.org/ms/-/ms-2.1.2.tgz",
          "integrity": "sha512-sGkPx+VjMtmA6MX27oA4FBFELFCZZ4S4XqeGOXCv68tT+jb3vk/RyaKWP0PTKyWtmLSM0b+adUTEvbs1PEaH2w=="
        }
      }
    },
    "iconv-lite": {
      "version": "0.4.24",
      "requires": {
        "safer-buffer": ">= 2.1.2 < 3"
      }
    },
    "inherits": {
      "version": "2.0.4"
    },
    "ipaddr.js": {
      "version": "1.9.1"
    },
    "learnsetutils": {
      "version": "file:src/modules/learnsetutils"
    },
    "lokijs": {
      "version": "1.5.12"
    },
    "lru_map": {
      "version": "0.3.3",
      "resolved": "https://registry.npmjs.org/lru_map/-/lru_map-0.3.3.tgz",
      "integrity": "sha1-tcg1G5Rky9dQM1p5ZQoOwOVhGN0="
    },
    "media-typer": {
      "version": "0.3.0"
    },
    "merge-descriptors": {
      "version": "1.0.1"
    },
    "methods": {
      "version": "1.1.2"
    },
    "mime": {
      "version": "1.6.0"
    },
    "mime-db": {
      "version": "1.51.0"
    },
    "mime-types": {
      "version": "2.1.34",
      "requires": {
        "mime-db": "1.51.0"
      }
    },
    "ms": {
      "version": "2.0.0"
    },
    "negotiator": {
      "version": "0.6.2"
    },
    "node-domexception": {
      "version": "1.0.0",
      "resolved": "https://registry.npmjs.org/node-domexception/-/node-domexception-1.0.0.tgz",
      "integrity": "sha512-/jKZoMpw0F8GRwl4/eLROPA3cfcXtLApP0QzLmUT/HuPCZWyB7IY9ZrMeKw2O/nFIqPQB3PVM9aYm0F312AXDQ=="
    },
    "node-fetch": {
      "version": "3.2.3",
      "resolved": "https://registry.npmjs.org/node-fetch/-/node-fetch-3.2.3.tgz",
      "integrity": "sha512-AXP18u4pidSZ1xYXRDPY/8jdv3RAozIt/WLNR/MBGZAz+xjtlr90RvCnsvHQRiXyWliZF/CpytExp32UU67/SA==",
      "requires": {
        "data-uri-to-buffer": "^4.0.0",
        "fetch-blob": "^3.1.4",
        "formdata-polyfill": "^4.0.10"
      }
    },
    "on-finished": {
      "version": "2.3.0",
      "requires": {
        "ee-first": "1.1.1"
      }
    },
    "parseurl": {
      "version": "1.3.3"
    },
    "path-to-regexp": {
      "version": "0.1.7"
    },
    "pokemon-colours": {
      "version": "file:src/modules/pokemon-colours"
    },
    "pokemon-complete": {
      "version": "file:src/modules/pokemon-complete"
    },
    "pokemon-filters": {
      "version": "file:src/modules/pokemon-filters"
    },
    "proxy-addr": {
      "version": "2.0.7",
      "requires": {
        "forwarded": "0.2.0",
        "ipaddr.js": "1.9.1"
      }
    },
    "qs": {
      "version": "6.9.6"
    },
    "range-parser": {
      "version": "1.2.1"
    },
    "raw-body": {
      "version": "2.4.2",
      "requires": {
        "bytes": "3.1.1",
        "http-errors": "1.8.1",
        "iconv-lite": "0.4.24",
        "unpipe": "1.0.0"
      }
    },
    "safe-buffer": {
      "version": "5.2.1"
    },
    "safer-buffer": {
      "version": "2.1.2"
    },
    "send": {
      "version": "0.17.2",
      "requires": {
        "debug": "2.6.9",
        "depd": "~1.1.2",
        "destroy": "~1.0.4",
        "encodeurl": "~1.0.2",
        "escape-html": "~1.0.3",
        "etag": "~1.8.1",
        "fresh": "0.5.2",
        "http-errors": "1.8.1",
        "mime": "1.6.0",
        "ms": "2.1.3",
        "on-finished": "~2.3.0",
        "range-parser": "~1.2.1",
        "statuses": "~1.5.0"
      },
      "dependencies": {
        "ms": {
          "version": "2.1.3"
        }
      }
    },
    "serve-static": {
      "version": "1.14.2",
      "requires": {
        "encodeurl": "~1.0.2",
        "escape-html": "~1.0.3",
        "parseurl": "~1.3.3",
        "send": "0.17.2"
      }
    },
    "setprototypeof": {
      "version": "1.2.0"
    },
    "statuses": {
      "version": "1.5.0"
    },
    "toidentifier": {
      "version": "1.0.1"
    },
    "tslib": {
      "version": "1.14.1",
      "resolved": "https://registry.npmjs.org/tslib/-/tslib-1.14.1.tgz",
      "integrity": "sha512-Xni35NKzjgMrwevysHTCArtLDpPvye8zV/0E4EyYn43P7/7qvQwPh9BGkHewbMulVntbigmcT7rdX3BNo9wRJg=="
    },
    "tweetnacl": {
      "version": "1.0.3"
    },
    "type-is": {
      "version": "1.6.18",
      "requires": {
        "media-typer": "0.3.0",
        "mime-types": "~2.1.24"
      }
    },
    "unpipe": {
      "version": "1.0.0"
    },
    "usage-formatter": {
      "version": "file:src/modules/usage-formatter"
    },
    "utils-merge": {
      "version": "1.0.1"
    },
    "vary": {
      "version": "1.1.2"
    },
    "web-streams-polyfill": {
      "version": "3.2.0",
      "resolved": "https://registry.npmjs.org/web-streams-polyfill/-/web-streams-polyfill-3.2.0.tgz",
      "integrity": "sha512-EqPmREeOzttaLRm5HS7io98goBgZ7IVz79aDvqjD0kYXLtFZTc0T/U6wHTPKyIjb+MdN7DFIIX6hgdBEpWmfPA=="
    }
  }
}
